
Microsoft Visual Studio Solution File, Format Version 12.00
# Visual Studio Version 17
VisualStudioVersion = 17.4.33205.214
MinimumVisualStudioVersion = 10.0.40219.1
Project("{FAE04EC0-301F-11D3-BF4B-00C04F79EFBC}") = "MouseHole", "MouseHole.csproj", "{E0B29379-7A5E-44CA-BC96-5C0599BA906A}"
EndProject
Global
	GlobalSection(SolutionConfigurationPlatforms) = preSolution
		Debug|Any CPU = Debug|Any CPU
		Release|Any CPU = Release|Any CPU
	EndGlobalSection
	GlobalSection(ProjectConfigurationPlatforms) = postSolution
		{E0B29379-7A5E-44CA-BC96-5C0599BA906A}.Debug|Any CPU.ActiveCfg = Debug|Any CPU
		{E0B29379-7A5E-44CA-BC96-5C0599BA906A}.Debug|Any CPU.Build.0 = Debug|Any CPU
		{E0B29379-7A5E-44CA-BC96-5C0599BA906A}.Release|Any CPU.ActiveCfg = Release|Any CPU
		{E0B29379-7A5E-44CA-BC96-5C0599BA906A}.Release|Any CPU.Build.0 = Release|Any CPU
	EndGlobalSection
	GlobalSection(SolutionProperties) = preSolution
		HideSolutionNode = FALSE
	EndGlobalSection
	GlobalSection(ExtensibilityGlobals) = postSolution
		SolutionGuid = {48671AC3-5775-4FFF-BE3B-9FF9209A248A}
	EndGlobalSection
EndGlobal
