
Microsoft Visual Studio Solution File, Format Version 12.00
# Visual Studio Version 17
VisualStudioVersion = 17.4.33205.214
MinimumVisualStudioVersion = 10.0.40219.1
Project("{9A19103F-16F7-4668-BE54-9A1E7A4F7556}") = "HabitTracker.Api", "HabitTracker.Api\HabitTracker.Api.csproj", "{A416A444-6734-4586-BBA0-A47389A9DAD4}"
EndProject
Project("{9A19103F-16F7-4668-BE54-9A1E7A4F7556}") = "HabitTracker.Client", "HabitTracker.Client\HabitTracker.Client.csproj", "{29300656-7376-4F4C-85C0-C48B5C61A2C9}"
EndProject
Global
	GlobalSection(SolutionConfigurationPlatforms) = preSolution
		Debug|Any CPU = Debug|Any CPU
		Release|Any CPU = Release|Any CPU
	EndGlobalSection
	GlobalSection(ProjectConfigurationPlatforms) = postSolution
		{A416A444-6734-4586-BBA0-A47389A9DAD4}.Debug|Any CPU.ActiveCfg = Debug|Any CPU
		{A416A444-6734-4586-BBA0-A47389A9DAD4}.Debug|Any CPU.Build.0 = Debug|Any CPU
		{A416A444-6734-4586-BBA0-A47389A9DAD4}.Release|Any CPU.ActiveCfg = Release|Any CPU
		{A416A444-6734-4586-BBA0-A47389A9DAD4}.Release|Any CPU.Build.0 = Release|Any CPU
		{29300656-7376-4F4C-85C0-C48B5C61A2C9}.Debug|Any CPU.ActiveCfg = Debug|Any CPU
		{29300656-7376-4F4C-85C0-C48B5C61A2C9}.Debug|Any CPU.Build.0 = Debug|Any CPU
		{29300656-7376-4F4C-85C0-C48B5C61A2C9}.Release|Any CPU.ActiveCfg = Release|Any CPU
		{29300656-7376-4F4C-85C0-C48B5C61A2C9}.Release|Any CPU.Build.0 = Release|Any CPU
	EndGlobalSection
	GlobalSection(SolutionProperties) = preSolution
		HideSolutionNode = FALSE
	EndGlobalSection
	GlobalSection(ExtensibilityGlobals) = postSolution
		SolutionGuid = {0D15B427-FB33-40AD-B8A2-9858D52CC5AE}
	EndGlobalSection
EndGlobal
