
Microsoft Visual Studio Solution File, Format Version 12.00
# Visual Studio Version 17
VisualStudioVersion = 17.9.34701.34
MinimumVisualStudioVersion = 10.0.40219.1
Project("{FAE04EC0-301F-11D3-BF4B-00C04F79EFBC}") = "PCPOSTest", "PCPOSTest\PCPOSTest.csproj", "{8BF5B103-6086-43E3-98AF-AB2F0C05AE6E}"
EndProject
Global
	GlobalSection(SolutionConfigurationPlatforms) = preSolution
		Debug|Any CPU = Debug|Any CPU
		Release|Any CPU = Release|Any CPU
	EndGlobalSection
	GlobalSection(ProjectConfigurationPlatforms) = postSolution
		{8BF5B103-6086-43E3-98AF-AB2F0C05AE6E}.Debug|Any CPU.ActiveCfg = Debug|Any CPU
		{8BF5B103-6086-43E3-98AF-AB2F0C05AE6E}.Debug|Any CPU.Build.0 = Debug|Any CPU
		{8BF5B103-6086-43E3-98AF-AB2F0C05AE6E}.Release|Any CPU.ActiveCfg = Release|Any CPU
		{8BF5B103-6086-43E3-98AF-AB2F0C05AE6E}.Release|Any CPU.Build.0 = Release|Any CPU
	EndGlobalSection
	GlobalSection(SolutionProperties) = preSolution
		HideSolutionNode = FALSE
	EndGlobalSection
	GlobalSection(ExtensibilityGlobals) = postSolution
		SolutionGuid = {3CF71BEC-0CCE-40BB-82A7-9E5550AE7278}
	EndGlobalSection
EndGlobal
