
Microsoft Visual Studio Solution File, Format Version 12.00
# Visual Studio Version 17
VisualStudioVersion = 17.4.33205.214
MinimumVisualStudioVersion = 10.0.40219.1
Project("{FAE04EC0-301F-11D3-BF4B-00C04F79EFBC}") = "TestPrinter", "TestPrinter.csproj", "{CA662656-238C-4FC7-8C74-7F9D45F5EAF8}"
EndProject
Global
	GlobalSection(SolutionConfigurationPlatforms) = preSolution
		Debug|Any CPU = Debug|Any CPU
		Release|Any CPU = Release|Any CPU
	EndGlobalSection
	GlobalSection(ProjectConfigurationPlatforms) = postSolution
		{CA662656-238C-4FC7-8C74-7F9D45F5EAF8}.Debug|Any CPU.ActiveCfg = Debug|Any CPU
		{CA662656-238C-4FC7-8C74-7F9D45F5EAF8}.Debug|Any CPU.Build.0 = Debug|Any CPU
		{CA662656-238C-4FC7-8C74-7F9D45F5EAF8}.Release|Any CPU.ActiveCfg = Release|Any CPU
		{CA662656-238C-4FC7-8C74-7F9D45F5EAF8}.Release|Any CPU.Build.0 = Release|Any CPU
	EndGlobalSection
	GlobalSection(SolutionProperties) = preSolution
		HideSolutionNode = FALSE
	EndGlobalSection
	GlobalSection(ExtensibilityGlobals) = postSolution
		SolutionGuid = {8F795FFE-31FE-4BF1-9E6C-985AEF351411}
	EndGlobalSection
EndGlobal
