
Microsoft Visual Studio Solution File, Format Version 12.00
# Visual Studio Version 17
VisualStudioVersion = 17.4.33205.214
MinimumVisualStudioVersion = 10.0.40219.1
Project("{FAE04EC0-301F-11D3-BF4B-00C04F79EFBC}") = "PardakhtNovin_PCPOS", "PardakhtNovin_PCPOS.csproj", "{347B41AB-DC7D-4A85-8C62-E438705AC5B5}"
EndProject
Global
	GlobalSection(SolutionConfigurationPlatforms) = preSolution
		Debug|Any CPU = Debug|Any CPU
		Release|Any CPU = Release|Any CPU
	EndGlobalSection
	GlobalSection(ProjectConfigurationPlatforms) = postSolution
		{347B41AB-DC7D-4A85-8C62-E438705AC5B5}.Debug|Any CPU.ActiveCfg = Debug|Any CPU
		{347B41AB-DC7D-4A85-8C62-E438705AC5B5}.Debug|Any CPU.Build.0 = Debug|Any CPU
		{347B41AB-DC7D-4A85-8C62-E438705AC5B5}.Release|Any CPU.ActiveCfg = Release|Any CPU
		{347B41AB-DC7D-4A85-8C62-E438705AC5B5}.Release|Any CPU.Build.0 = Release|Any CPU
	EndGlobalSection
	GlobalSection(SolutionProperties) = preSolution
		HideSolutionNode = FALSE
	EndGlobalSection
	GlobalSection(ExtensibilityGlobals) = postSolution
		SolutionGuid = {122CB5FC-38E2-4CB8-855C-CBF05E0CAF99}
	EndGlobalSection
EndGlobal
