
Microsoft Visual Studio Solution File, Format Version 12.00
# Visual Studio Version 17
VisualStudioVersion = 17.4.33205.214
MinimumVisualStudioVersion = 10.0.40219.1
Project("{FAE04EC0-301F-11D3-BF4B-00C04F79EFBC}") = "TestPriceScrapperWithAI", "TestPriceScrapperWithAI.csproj", "{A0530D30-413A-4CE9-91C3-2A62B2B8454E}"
EndProject
Global
	GlobalSection(SolutionConfigurationPlatforms) = preSolution
		Debug|Any CPU = Debug|Any CPU
		Release|Any CPU = Release|Any CPU
	EndGlobalSection
	GlobalSection(ProjectConfigurationPlatforms) = postSolution
		{A0530D30-413A-4CE9-91C3-2A62B2B8454E}.Debug|Any CPU.ActiveCfg = Debug|Any CPU
		{A0530D30-413A-4CE9-91C3-2A62B2B8454E}.Debug|Any CPU.Build.0 = Debug|Any CPU
		{A0530D30-413A-4CE9-91C3-2A62B2B8454E}.Release|Any CPU.ActiveCfg = Release|Any CPU
		{A0530D30-413A-4CE9-91C3-2A62B2B8454E}.Release|Any CPU.Build.0 = Release|Any CPU
	EndGlobalSection
	GlobalSection(SolutionProperties) = preSolution
		HideSolutionNode = FALSE
	EndGlobalSection
	GlobalSection(ExtensibilityGlobals) = postSolution
		SolutionGuid = {A775DB52-7DCF-4E35-80D7-EA64F2703FB5}
	EndGlobalSection
EndGlobal
